
Microsoft Visual Studio Solution File, Format Version 12.00
# Visual Studio 2012
Project("{FAE04EC0-301F-11D3-BF4B-00C04F79EFBC}") = "TaxJar", "TaxJar\TaxJar.csproj", "{CE4FFA2A-801C-488A-BF28-0EAAB8877C2D}"
EndProject
Project("{FAE04EC0-301F-11D3-BF4B-00C04F79EFBC}") = "TaxJar.Tests", "TaxJar.Tests\TaxJar.Tests.csproj", "{34AC1F7E-13AD-4EE2-8B1E-2AB71C85C246}"
EndProject
Global
	GlobalSection(SolutionConfigurationPlatforms) = preSolution
		Debug|Any CPU = Debug|Any CPU
		Release|Any CPU = Release|Any CPU
		Debug|x86 = Debug|x86
		Release|x86 = Release|x86
	EndGlobalSection
	GlobalSection(ProjectConfigurationPlatforms) = postSolution
		{CE4FFA2A-801C-488A-BF28-0EAAB8877C2D}.Debug|Any CPU.ActiveCfg = Debug|Any CPU
		{CE4FFA2A-801C-488A-BF28-0EAAB8877C2D}.Debug|Any CPU.Build.0 = Debug|Any CPU
		{CE4FFA2A-801C-488A-BF28-0EAAB8877C2D}.Debug|x86.ActiveCfg = Debug|Any CPU
		{CE4FFA2A-801C-488A-BF28-0EAAB8877C2D}.Debug|x86.Build.0 = Debug|Any CPU
		{CE4FFA2A-801C-488A-BF28-0EAAB8877C2D}.Release|Any CPU.ActiveCfg = Release|Any CPU
		{CE4FFA2A-801C-488A-BF28-0EAAB8877C2D}.Release|Any CPU.Build.0 = Release|Any CPU
		{CE4FFA2A-801C-488A-BF28-0EAAB8877C2D}.Release|x86.ActiveCfg = Release|Any CPU
		{CE4FFA2A-801C-488A-BF28-0EAAB8877C2D}.Release|x86.Build.0 = Release|Any CPU
		{34AC1F7E-13AD-4EE2-8B1E-2AB71C85C246}.Debug|Any CPU.ActiveCfg = Debug|Any CPU
		{34AC1F7E-13AD-4EE2-8B1E-2AB71C85C246}.Debug|Any CPU.Build.0 = Debug|Any CPU
		{34AC1F7E-13AD-4EE2-8B1E-2AB71C85C246}.Release|Any CPU.ActiveCfg = Release|Any CPU
		{34AC1F7E-13AD-4EE2-8B1E-2AB71C85C246}.Release|Any CPU.Build.0 = Release|Any CPU
		{34AC1F7E-13AD-4EE2-8B1E-2AB71C85C246}.Debug|x86.ActiveCfg = Debug|Any CPU
		{34AC1F7E-13AD-4EE2-8B1E-2AB71C85C246}.Debug|x86.Build.0 = Debug|Any CPU
		{34AC1F7E-13AD-4EE2-8B1E-2AB71C85C246}.Release|x86.ActiveCfg = Release|Any CPU
		{34AC1F7E-13AD-4EE2-8B1E-2AB71C85C246}.Release|x86.Build.0 = Release|Any CPU
	EndGlobalSection
	GlobalSection(MonoDevelopProperties) = preSolution
		Policies = $0
		$0.DotNetNamingPolicy = $1
		$1.DirectoryNamespaceAssociation = None
		$1.ResourceNamePolicy = FileFormatDefault
		$0.StandardHeader = $2
		$2.Text = 
		$2.IncludeInNewFiles = True
		$0.NameConventionPolicy = $3
		$3.Rules = $4
		$4.NamingRule = $5
		$5.Name = Type Parameters
		$5.AffectedEntity = TypeParameter
		$5.VisibilityMask = VisibilityMask
		$5.NamingStyle = PascalCase
		$5.IncludeInstanceMembers = True
		$5.IncludeStaticEntities = True
		$5.RequiredPrefixes = $6
		$6.String = T
		$5.RequiredSuffixes = $7
		$7.String = Exception
		version = 1.3.1
	EndGlobalSection
EndGlobal
